{
  "name": "usfm-bible-parser",
  "version": "1.0.1",
  "lockfileVersion": 2,
  "requires": true,
  "packages": {
    "": {
      "name": "usfm-bible-parser",
      "version": "1.0.1",
      "license": "ISC",
      "dependencies": {
        "bible-book-data": "git+https://github.com/eddy-lau/bible-book-data"
      },
      "devDependencies": {
        "cunp-usfm": "file:../cunp-usfm",
        "rcuv-usfm": "file:../rcuv-usfm",
        "typescript": "^5.3.2"
      }
    },
    "../cunp-usfm": {
      "version": "1.0.0",
      "dev": true,
      "license": "ISC",
      "dependencies": {
        "bible-book-data": "file:../bible-book-data",
        "usfm-bible-parser": "../usfm-bible-parser/usfm-bible-parser-1.0.1.tgz"
      },
      "devDependencies": {
        "fs-extra": "^7.0.1",
        "left-pad": "^1.3.0",
        "sax": "^1.2.4"
      }
    },
    "../cunp-usfm/node_modules/bible-book-data": {
      "version": "1.0.0",
      "dev": true,
      "license": "ISC"
    },
    "../cunp-usfm/node_modules/fs-extra": {
      "version": "7.0.1",
      "dev": true,
      "license": "MIT",
      "dependencies": {
        "graceful-fs": "^4.1.2",
        "jsonfile": "^4.0.0",
        "universalify": "^0.1.0"
      },
      "engines": {
        "node": ">=6 <7 || >=8"
      }
    },
    "../cunp-usfm/node_modules/graceful-fs": {
      "version": "4.2.10",
      "dev": true,
      "license": "ISC"
    },
    "../cunp-usfm/node_modules/jsonfile": {
      "version": "4.0.0",
      "dev": true,
      "license": "MIT",
      "optionalDependencies": {
        "graceful-fs": "^4.1.6"
      }
    },
    "../cunp-usfm/node_modules/left-pad": {
      "version": "1.3.0",
      "dev": true,
      "license": "WTFPL"
    },
    "../cunp-usfm/node_modules/sax": {
      "version": "1.2.4",
      "dev": true,
      "license": "ISC"
    },
    "../cunp-usfm/node_modules/universalify": {
      "version": "0.1.2",
      "dev": true,
      "license": "MIT",
      "engines": {
        "node": ">= 4.0.0"
      }
    },
    "../cunp-usfm/node_modules/usfm-bible-parser": {
      "version": "1.0.1",
      "dev": true,
      "license": "ISC",
      "dependencies": {
        "bible-book-data": "git+https://github.com/eddy-lau/bible-book-data"
      }
    },
    "../cunp-usfm/node_modules/usfm-bible-parser/node_modules/bible-book-data": {
      "version": "1.0.0",
      "dev": true,
      "license": "ISC"
    },
    "../rcuv-usfm": {
      "version": "1.0.0",
      "dev": true,
      "license": "ISC",
      "dependencies": {
        "fs": "0.0.1-security",
        "htmlparser2": "^3.9.2",
        "usfm-bible-parser": "../usfm-bible-parser/usfm-bible-parser-1.0.1.tgz"
      }
    },
    "../rcuv-usfm/node_modules/bible-book-data": {
      "version": "1.0.0",
      "dev": true,
      "license": "ISC"
    },
    "../rcuv-usfm/node_modules/dom-serializer": {
      "version": "0.2.2",
      "dev": true,
      "license": "MIT",
      "dependencies": {
        "domelementtype": "^2.0.1",
        "entities": "^2.0.0"
      }
    },
    "../rcuv-usfm/node_modules/dom-serializer/node_modules/domelementtype": {
      "version": "2.3.0",
      "dev": true,
      "funding": [
        {
          "type": "github",
          "url": "https://github.com/sponsors/fb55"
        }
      ],
      "license": "BSD-2-Clause"
    },
    "../rcuv-usfm/node_modules/dom-serializer/node_modules/entities": {
      "version": "2.2.0",
      "dev": true,
      "license": "BSD-2-Clause",
      "funding": {
        "url": "https://github.com/fb55/entities?sponsor=1"
      }
    },
    "../rcuv-usfm/node_modules/domelementtype": {
      "version": "1.3.1",
      "dev": true,
      "license": "BSD-2-Clause"
    },
    "../rcuv-usfm/node_modules/domhandler": {
      "version": "2.4.2",
      "dev": true,
      "license": "BSD-2-Clause",
      "dependencies": {
        "domelementtype": "1"
      }
    },
    "../rcuv-usfm/node_modules/domutils": {
      "version": "1.7.0",
      "dev": true,
      "license": "BSD-2-Clause",
      "dependencies": {
        "dom-serializer": "0",
        "domelementtype": "1"
      }
    },
    "../rcuv-usfm/node_modules/entities": {
      "version": "1.1.2",
      "dev": true,
      "license": "BSD-2-Clause"
    },
    "../rcuv-usfm/node_modules/fs": {
      "version": "0.0.1-security",
      "dev": true,
      "license": "ISC"
    },
    "../rcuv-usfm/node_modules/htmlparser2": {
      "version": "3.10.1",
      "dev": true,
      "license": "MIT",
      "dependencies": {
        "domelementtype": "^1.3.1",
        "domhandler": "^2.3.0",
        "domutils": "^1.5.1",
        "entities": "^1.1.1",
        "inherits": "^2.0.1",
        "readable-stream": "^3.1.1"
      }
    },
    "../rcuv-usfm/node_modules/inherits": {
      "version": "2.0.4",
      "dev": true,
      "license": "ISC"
    },
    "../rcuv-usfm/node_modules/readable-stream": {
      "version": "3.6.2",
      "dev": true,
      "license": "MIT",
      "dependencies": {
        "inherits": "^2.0.3",
        "string_decoder": "^1.1.1",
        "util-deprecate": "^1.0.1"
      },
      "engines": {
        "node": ">= 6"
      }
    },
    "../rcuv-usfm/node_modules/safe-buffer": {
      "version": "5.2.1",
      "dev": true,
      "funding": [
        {
          "type": "github",
          "url": "https://github.com/sponsors/feross"
        },
        {
          "type": "patreon",
          "url": "https://www.patreon.com/feross"
        },
        {
          "type": "consulting",
          "url": "https://feross.org/support"
        }
      ],
      "license": "MIT"
    },
    "../rcuv-usfm/node_modules/string_decoder": {
      "version": "1.3.0",
      "dev": true,
      "license": "MIT",
      "dependencies": {
        "safe-buffer": "~5.2.0"
      }
    },
    "../rcuv-usfm/node_modules/usfm-bible-parser": {
      "version": "1.0.1",
      "dev": true,
      "license": "ISC",
      "dependencies": {
        "bible-book-data": "git+https://github.com/eddy-lau/bible-book-data"
      }
    },
    "../rcuv-usfm/node_modules/util-deprecate": {
      "version": "1.0.2",
      "dev": true,
      "license": "MIT"
    },
    "node_modules/bible-book-data": {
      "version": "1.0.0",
      "resolved": "git+ssh://git@github.com/eddy-lau/bible-book-data.git#a601636391fd9c7be8bd357e167a654295d863e3",
      "license": "ISC"
    },
    "node_modules/cunp-usfm": {
      "resolved": "../cunp-usfm",
      "link": true
    },
    "node_modules/rcuv-usfm": {
      "resolved": "../rcuv-usfm",
      "link": true
    },
    "node_modules/typescript": {
      "version": "5.3.2",
      "resolved": "https://registry.npmjs.org/typescript/-/typescript-5.3.2.tgz",
      "integrity": "sha512-6l+RyNy7oAHDfxC4FzSJcz9vnjTKxrLpDG5M2Vu4SHRVNg6xzqZp6LYSR9zjqQTu8DU/f5xwxUdADOkbrIX2gQ==",
      "dev": true,
      "bin": {
        "tsc": "bin/tsc",
        "tsserver": "bin/tsserver"
      },
      "engines": {
        "node": ">=14.17"
      }
    }
  },
  "dependencies": {
    "bible-book-data": {
      "version": "git+ssh://git@github.com/eddy-lau/bible-book-data.git#a601636391fd9c7be8bd357e167a654295d863e3",
      "from": "bible-book-data@git+https://github.com/eddy-lau/bible-book-data"
    },
    "cunp-usfm": {
      "version": "file:../cunp-usfm",
      "requires": {
        "bible-book-data": "file:../bible-book-data",
        "fs-extra": "^7.0.1",
        "left-pad": "^1.3.0",
        "sax": "^1.2.4",
        "usfm-bible-parser": "../usfm-bible-parser/usfm-bible-parser-1.0.1.tgz"
      },
      "dependencies": {
        "bible-book-data": {
          "version": "1.0.0",
          "dev": true
        },
        "fs-extra": {
          "version": "7.0.1",
          "dev": true,
          "requires": {
            "graceful-fs": "^4.1.2",
            "jsonfile": "^4.0.0",
            "universalify": "^0.1.0"
          }
        },
        "graceful-fs": {
          "version": "4.2.10",
          "dev": true
        },
        "jsonfile": {
          "version": "4.0.0",
          "dev": true,
          "requires": {
            "graceful-fs": "^4.1.6"
          }
        },
        "left-pad": {
          "version": "1.3.0",
          "dev": true
        },
        "sax": {
          "version": "1.2.4",
          "dev": true
        },
        "universalify": {
          "version": "0.1.2",
          "dev": true
        },
        "usfm-bible-parser": {
          "version": "1.0.1",
          "dev": true,
          "requires": {
            "bible-book-data": "git+https://github.com/eddy-lau/bible-book-data"
          },
          "dependencies": {
            "bible-book-data": {
              "version": "1.0.0",
              "dev": true
            }
          }
        }
      }
    },
    "rcuv-usfm": {
      "version": "file:../rcuv-usfm",
      "requires": {
        "fs": "0.0.1-security",
        "htmlparser2": "^3.9.2",
        "usfm-bible-parser": "../usfm-bible-parser/usfm-bible-parser-1.0.1.tgz"
      },
      "dependencies": {
        "bible-book-data": {
          "version": "1.0.0",
          "dev": true
        },
        "dom-serializer": {
          "version": "0.2.2",
          "dev": true,
          "requires": {
            "domelementtype": "^2.0.1",
            "entities": "^2.0.0"
          },
          "dependencies": {
            "domelementtype": {
              "version": "2.3.0",
              "dev": true
            },
            "entities": {
              "version": "2.2.0",
              "dev": true
            }
          }
        },
        "domelementtype": {
          "version": "1.3.1",
          "dev": true
        },
        "domhandler": {
          "version": "2.4.2",
          "dev": true,
          "requires": {
            "domelementtype": "1"
          }
        },
        "domutils": {
          "version": "1.7.0",
          "dev": true,
          "requires": {
            "dom-serializer": "0",
            "domelementtype": "1"
          }
        },
        "entities": {
          "version": "1.1.2",
          "dev": true
        },
        "fs": {
          "version": "0.0.1-security",
          "dev": true
        },
        "htmlparser2": {
          "version": "3.10.1",
          "dev": true,
          "requires": {
            "domelementtype": "^1.3.1",
            "domhandler": "^2.3.0",
            "domutils": "^1.5.1",
            "entities": "^1.1.1",
            "inherits": "^2.0.1",
            "readable-stream": "^3.1.1"
          }
        },
        "inherits": {
          "version": "2.0.4",
          "dev": true
        },
        "readable-stream": {
          "version": "3.6.2",
          "dev": true,
          "requires": {
            "inherits": "^2.0.3",
            "string_decoder": "^1.1.1",
            "util-deprecate": "^1.0.1"
          }
        },
        "safe-buffer": {
          "version": "5.2.1",
          "dev": true
        },
        "string_decoder": {
          "version": "1.3.0",
          "dev": true,
          "requires": {
            "safe-buffer": "~5.2.0"
          }
        },
        "usfm-bible-parser": {
          "version": "1.0.1",
          "dev": true,
          "requires": {
            "bible-book-data": "git+https://github.com/eddy-lau/bible-book-data"
          }
        },
        "util-deprecate": {
          "version": "1.0.2",
          "dev": true
        }
      }
    },
    "typescript": {
      "version": "5.3.2",
      "resolved": "https://registry.npmjs.org/typescript/-/typescript-5.3.2.tgz",
      "integrity": "sha512-6l+RyNy7oAHDfxC4FzSJcz9vnjTKxrLpDG5M2Vu4SHRVNg6xzqZp6LYSR9zjqQTu8DU/f5xwxUdADOkbrIX2gQ==",
      "dev": true
    }
  }
}
