{
  "name": "usfm-bible-parser",
  "version": "1.0.0",
  "lockfileVersion": 2,
  "requires": true,
  "packages": {
    "": {
      "name": "usfm-bible-parser",
      "version": "1.0.0",
      "license": "ISC",
      "dependencies": {
        "bible-book-data": "git+https://github.com/eddy-lau/bible-book-data"
      },
      "devDependencies": {
        "cunp-usfm": "file:../cunp-usfm",
        "rcuv-usfm": "file:../rcuv-usfm"
      }
    },
    "../cunp-usfm": {
      "dev": true
    },
    "../rcuv-usfm": {
      "version": "1.0.0",
      "dev": true,
      "license": "ISC",
      "dependencies": {
        "fs": "0.0.1-security",
        "htmlparser2": "^3.9.2",
        "usfm-bible-parser": "file:../usfm-bible-parser"
      }
    },
    "node_modules/bible-book-data": {
      "version": "1.0.0",
      "resolved": "git+ssh://git@github.com/eddy-lau/bible-book-data.git",
      "integrity": "sha512-FTldLuUOe6Zd/08+UMBJeOaq2e5t/oyv7XvIWFiouPw6zjC7aXnyjX0PX1AXk2B6XwZuQyB5JToX7ANDFnWs4A==",
      "license": "ISC"
    },
    "node_modules/cunp-usfm": {
      "resolved": "../cunp-usfm",
      "link": true
    },
    "node_modules/rcuv-usfm": {
      "resolved": "../rcuv-usfm",
      "link": true
    }
  },
  "dependencies": {
    "bible-book-data": {
      "version": "git+ssh://git@github.com/eddy-lau/bible-book-data.git",
      "integrity": "sha512-FTldLuUOe6Zd/08+UMBJeOaq2e5t/oyv7XvIWFiouPw6zjC7aXnyjX0PX1AXk2B6XwZuQyB5JToX7ANDFnWs4A==",
      "from": "bible-book-data@git+https://github.com/eddy-lau/bible-book-data"
    },
    "cunp-usfm": {
      "version": "file:../cunp-usfm"
    },
    "rcuv-usfm": {
      "version": "file:../rcuv-usfm",
      "requires": {
        "fs": "0.0.1-security",
        "htmlparser2": "^3.9.2",
        "usfm-bible-parser": "file:../usfm-bible-parser"
      }
    }
  }
}
