# THIS IS AN AUTOGENERATED FILE. DO NOT EDIT THIS FILE DIRECTLY.
# yarn lockfile v1


"bible-book-data@git+https://github.com/eddy-lau/bible-book-data":
  "integrity" "sha512-FTldLuUOe6Zd/08+UMBJeOaq2e5t/oyv7XvIWFiouPw6zjC7aXnyjX0PX1AXk2B6XwZuQyB5JToX7ANDFnWs4A=="
  "resolved" "git+ssh://git@github.com/eddy-lau/bible-book-data.git"
  "version" "1.0.0"

"cunp-usfm@file:../cunp-usfm":
  "resolved" "file:../cunp-usfm"

"rcuv-usfm@file:../rcuv-usfm":
  "resolved" "file:../rcuv-usfm"
  "version" "1.0.0"
  dependencies:
    "fs" "0.0.1-security"
    "htmlparser2" "^3.9.2"
    "usfm-bible-parser" "file:../usfm-bible-parser"
